
Microsoft Visual Studio Solution File, Format Version 12.00
# Visual Studio Version 17
VisualStudioVersion = 17.4.33213.308
MinimumVisualStudioVersion = 10.0.40219.1
Project("{FAE04EC0-301F-11D3-BF4B-00C04F79EFBC}") = "Lab2API", "Lab2\Lab2API.csproj", "{172A65D9-3867-4807-9FAB-3DD447D1AA26}"
EndProject
Project("{FAE04EC0-301F-11D3-BF4B-00C04F79EFBC}") = "Lab2BL", "BussinessLayer\Lab2BL.csproj", "{1258AEE4-CF9C-474E-B309-2EBF4F4D6A31}"
EndProject
Project("{FAE04EC0-301F-11D3-BF4B-00C04F79EFBC}") = "Lab2DAL", "Lab2DAL\Lab2DAL.csproj", "{64576BAA-3F10-4EBE-ADF5-1F4EFF198D1D}"
EndProject
Global
	GlobalSection(SolutionConfigurationPlatforms) = preSolution
		Debug|Any CPU = Debug|Any CPU
		Release|Any CPU = Release|Any CPU
	EndGlobalSection
	GlobalSection(ProjectConfigurationPlatforms) = postSolution
		{172A65D9-3867-4807-9FAB-3DD447D1AA26}.Debug|Any CPU.ActiveCfg = Debug|Any CPU
		{172A65D9-3867-4807-9FAB-3DD447D1AA26}.Debug|Any CPU.Build.0 = Debug|Any CPU
		{172A65D9-3867-4807-9FAB-3DD447D1AA26}.Release|Any CPU.ActiveCfg = Release|Any CPU
		{172A65D9-3867-4807-9FAB-3DD447D1AA26}.Release|Any CPU.Build.0 = Release|Any CPU
		{1258AEE4-CF9C-474E-B309-2EBF4F4D6A31}.Debug|Any CPU.ActiveCfg = Debug|Any CPU
		{1258AEE4-CF9C-474E-B309-2EBF4F4D6A31}.Debug|Any CPU.Build.0 = Debug|Any CPU
		{1258AEE4-CF9C-474E-B309-2EBF4F4D6A31}.Release|Any CPU.ActiveCfg = Release|Any CPU
		{1258AEE4-CF9C-474E-B309-2EBF4F4D6A31}.Release|Any CPU.Build.0 = Release|Any CPU
		{64576BAA-3F10-4EBE-ADF5-1F4EFF198D1D}.Debug|Any CPU.ActiveCfg = Debug|Any CPU
		{64576BAA-3F10-4EBE-ADF5-1F4EFF198D1D}.Debug|Any CPU.Build.0 = Debug|Any CPU
		{64576BAA-3F10-4EBE-ADF5-1F4EFF198D1D}.Release|Any CPU.ActiveCfg = Release|Any CPU
		{64576BAA-3F10-4EBE-ADF5-1F4EFF198D1D}.Release|Any CPU.Build.0 = Release|Any CPU
	EndGlobalSection
	GlobalSection(SolutionProperties) = preSolution
		HideSolutionNode = FALSE
	EndGlobalSection
	GlobalSection(ExtensibilityGlobals) = postSolution
		SolutionGuid = {C9EF4ECF-584E-4914-A893-FA7F1AFAACE2}
	EndGlobalSection
EndGlobal
